# This file is generated by running "yarn install" inside your project.
# Manual changes might be lost - proceed with caution!

__metadata:
  version: 4
  cacheKey: 8

"@types/node@npm:^16.11.4":
  version: 16.11.4
  resolution: "@types/node@npm:16.11.4"
  checksum: 96e08c0f8bb17601c18640a8eac61e2f236fe0c8a6b01a9221c10749157358fb29fdef4b5e264f72559e72f9830e6093f3ab5fef2df90afdad562ffa45ac534c
  languageName: node
  linkType: hard

"test-clean@workspace:.":
  version: 0.0.0-use.local
  resolution: "test-clean@workspace:."
  dependencies:
    "@types/node": ^16.11.4
    typescript: ^4.4.4
  languageName: unknown
  linkType: soft

typescript@^4.4.4:
  version: 4.4.4
  resolution: "typescript@npm:4.4.4"
  bin:
    tsc: bin/tsc
    tsserver: bin/tsserver
  checksum: 89ecb8436bb48ef5594d49289f5f89103071716b6e4844278f4fb3362856e31203e187a9c76d205c3f0b674d221a058fd28310dbcbcf5d95e9a57229bb5203f1
  languageName: node
  linkType: hard

"typescript@patch:typescript@^4.4.4#~builtin<compat/typescript>":
  version: 4.4.4
  resolution: "typescript@patch:typescript@npm%3A4.4.4#~builtin<compat/typescript>::version=4.4.4&hash=32657b"
  bin:
    tsc: bin/tsc
    tsserver: bin/tsserver
  checksum: c97c33903f1eb4f9e178649befdfc859d93157db1eccd1e521e84976ec6861db53412d8018e5e4c5d09268771c65498d42caa64bd881878346c3644f6b7cd202
  languageName: node
  linkType: hard
